
Microsoft Visual Studio Solution File, Format Version 12.00
# Visual Studio Version 16
VisualStudioVersion = 16.0.30320.27
MinimumVisualStudioVersion = 10.0.40219.1
Project("{9A19103F-16F7-4668-BE54-9A1E7A4F7556}") = "Denver.Infra", "Utility\Denver.Infra.csproj", "{325D17C7-7133-4221-A7E3-F4E6ED5667AE}"
EndProject
Project("{2150E333-8FDC-42A3-9474-1A3956D46DE8}") = "Api", "Api", "{1BA81B19-8391-4662-B0DC-2FDC08ADBF71}"
EndProject
Project("{2150E333-8FDC-42A3-9474-1A3956D46DE8}") = "Identity", "Identity", "{D174B6E1-0747-4C99-9E20-DA66009163A6}"
EndProject
Project("{9A19103F-16F7-4668-BE54-9A1E7A4F7556}") = "IdentityApi", "IdentityApi\IdentityApi.csproj", "{82E7906E-DB47-4290-8182-4D7B01D2077D}"
EndProject
Project("{9A19103F-16F7-4668-BE54-9A1E7A4F7556}") = "IdentityApi.DataCore", "IdentityApi.DataCore\IdentityApi.DataCore.csproj", "{DE534D5D-C97A-4B92-9D26-EB7550CC7012}"
EndProject
Project("{9A19103F-16F7-4668-BE54-9A1E7A4F7556}") = "IdentityApi.Domain", "IdentityApi.Domain\IdentityApi.Domain.csproj", "{AD97AB67-5D9A-4B74-900D-FE1140BA44D0}"
EndProject
Project("{2150E333-8FDC-42A3-9474-1A3956D46DE8}") = "UserManagement", "UserManagement", "{91389053-E9E7-45F5-8FF1-5395CD467C22}"
EndProject
Project("{9A19103F-16F7-4668-BE54-9A1E7A4F7556}") = "UserManagementApi", "UserManagementApi\UserManagementApi.csproj", "{8968D544-5166-4202-ABA9-8C6496971ED4}"
EndProject
Project("{9A19103F-16F7-4668-BE54-9A1E7A4F7556}") = "UserManagementApi.Domain", "UserManagementApi.Domain\UserManagementApi.Domain.csproj", "{5231C912-DC8A-4A85-9C08-33736E61CA99}"
EndProject
Project("{9A19103F-16F7-4668-BE54-9A1E7A4F7556}") = "UserManagementApi.DataCore", "UserManagementApi.DataCore\UserManagementApi.DataCore.csproj", "{0D4C91F9-689B-4C8D-9F59-6597BA63E8EF}"
EndProject
Project("{9A19103F-16F7-4668-BE54-9A1E7A4F7556}") = "Denver.DataAccess", "Denver.DataAccess\Denver.DataAccess.csproj", "{C570273C-EE8A-4934-87DA-67C39AAD9645}"
EndProject
Project("{9A19103F-16F7-4668-BE54-9A1E7A4F7556}") = "Denver.EventBus", "Denver.EventBus\Denver.EventBus.csproj", "{DCAA4340-7DE2-4620-A1E7-34A57ADD87F7}"
EndProject
Project("{2150E333-8FDC-42A3-9474-1A3956D46DE8}") = "Invoicing", "Invoicing", "{045A5F63-1FF7-464C-A5BB-F09370C45B49}"
EndProject
Project("{FAE04EC0-301F-11D3-BF4B-00C04F79EFBC}") = "InvoicingApi", "InvoicingApi\InvoicingApi.csproj", "{17A2B870-4F2D-493E-A90B-1C5337045C1A}"
EndProject
Project("{FAE04EC0-301F-11D3-BF4B-00C04F79EFBC}") = "InvoicingApi.DataCore", "InvoicingApi.DataCore\InvoicingApi.DataCore.csproj", "{36653904-DAEE-42CA-B43D-55EBEFA561CD}"
EndProject
Project("{FAE04EC0-301F-11D3-BF4B-00C04F79EFBC}") = "InvoicingApi.Domain", "InvoicingApi.Domain\InvoicingApi.Domain.csproj", "{F5CA639B-38A7-4EF8-B8CD-A2ED3B23E3C8}"
EndProject
Global
	GlobalSection(SolutionConfigurationPlatforms) = preSolution
		Debug|Any CPU = Debug|Any CPU
		Release|Any CPU = Release|Any CPU
	EndGlobalSection
	GlobalSection(ProjectConfigurationPlatforms) = postSolution
		{325D17C7-7133-4221-A7E3-F4E6ED5667AE}.Debug|Any CPU.ActiveCfg = Debug|Any CPU
		{325D17C7-7133-4221-A7E3-F4E6ED5667AE}.Debug|Any CPU.Build.0 = Debug|Any CPU
		{325D17C7-7133-4221-A7E3-F4E6ED5667AE}.Release|Any CPU.ActiveCfg = Release|Any CPU
		{325D17C7-7133-4221-A7E3-F4E6ED5667AE}.Release|Any CPU.Build.0 = Release|Any CPU
		{82E7906E-DB47-4290-8182-4D7B01D2077D}.Debug|Any CPU.ActiveCfg = Debug|Any CPU
		{82E7906E-DB47-4290-8182-4D7B01D2077D}.Debug|Any CPU.Build.0 = Debug|Any CPU
		{82E7906E-DB47-4290-8182-4D7B01D2077D}.Release|Any CPU.ActiveCfg = Release|Any CPU
		{82E7906E-DB47-4290-8182-4D7B01D2077D}.Release|Any CPU.Build.0 = Release|Any CPU
		{DE534D5D-C97A-4B92-9D26-EB7550CC7012}.Debug|Any CPU.ActiveCfg = Debug|Any CPU
		{DE534D5D-C97A-4B92-9D26-EB7550CC7012}.Debug|Any CPU.Build.0 = Debug|Any CPU
		{DE534D5D-C97A-4B92-9D26-EB7550CC7012}.Release|Any CPU.ActiveCfg = Release|Any CPU
		{DE534D5D-C97A-4B92-9D26-EB7550CC7012}.Release|Any CPU.Build.0 = Release|Any CPU
		{AD97AB67-5D9A-4B74-900D-FE1140BA44D0}.Debug|Any CPU.ActiveCfg = Debug|Any CPU
		{AD97AB67-5D9A-4B74-900D-FE1140BA44D0}.Debug|Any CPU.Build.0 = Debug|Any CPU
		{AD97AB67-5D9A-4B74-900D-FE1140BA44D0}.Release|Any CPU.ActiveCfg = Release|Any CPU
		{AD97AB67-5D9A-4B74-900D-FE1140BA44D0}.Release|Any CPU.Build.0 = Release|Any CPU
		{8968D544-5166-4202-ABA9-8C6496971ED4}.Debug|Any CPU.ActiveCfg = Debug|Any CPU
		{8968D544-5166-4202-ABA9-8C6496971ED4}.Debug|Any CPU.Build.0 = Debug|Any CPU
		{8968D544-5166-4202-ABA9-8C6496971ED4}.Release|Any CPU.ActiveCfg = Release|Any CPU
		{8968D544-5166-4202-ABA9-8C6496971ED4}.Release|Any CPU.Build.0 = Release|Any CPU
		{5231C912-DC8A-4A85-9C08-33736E61CA99}.Debug|Any CPU.ActiveCfg = Debug|Any CPU
		{5231C912-DC8A-4A85-9C08-33736E61CA99}.Debug|Any CPU.Build.0 = Debug|Any CPU
		{5231C912-DC8A-4A85-9C08-33736E61CA99}.Release|Any CPU.ActiveCfg = Release|Any CPU
		{5231C912-DC8A-4A85-9C08-33736E61CA99}.Release|Any CPU.Build.0 = Release|Any CPU
		{0D4C91F9-689B-4C8D-9F59-6597BA63E8EF}.Debug|Any CPU.ActiveCfg = Debug|Any CPU
		{0D4C91F9-689B-4C8D-9F59-6597BA63E8EF}.Debug|Any CPU.Build.0 = Debug|Any CPU
		{0D4C91F9-689B-4C8D-9F59-6597BA63E8EF}.Release|Any CPU.ActiveCfg = Release|Any CPU
		{0D4C91F9-689B-4C8D-9F59-6597BA63E8EF}.Release|Any CPU.Build.0 = Release|Any CPU
		{C570273C-EE8A-4934-87DA-67C39AAD9645}.Debug|Any CPU.ActiveCfg = Debug|Any CPU
		{C570273C-EE8A-4934-87DA-67C39AAD9645}.Debug|Any CPU.Build.0 = Debug|Any CPU
		{C570273C-EE8A-4934-87DA-67C39AAD9645}.Release|Any CPU.ActiveCfg = Release|Any CPU
		{C570273C-EE8A-4934-87DA-67C39AAD9645}.Release|Any CPU.Build.0 = Release|Any CPU
		{DCAA4340-7DE2-4620-A1E7-34A57ADD87F7}.Debug|Any CPU.ActiveCfg = Debug|Any CPU
		{DCAA4340-7DE2-4620-A1E7-34A57ADD87F7}.Debug|Any CPU.Build.0 = Debug|Any CPU
		{DCAA4340-7DE2-4620-A1E7-34A57ADD87F7}.Release|Any CPU.ActiveCfg = Release|Any CPU
		{DCAA4340-7DE2-4620-A1E7-34A57ADD87F7}.Release|Any CPU.Build.0 = Release|Any CPU
		{17A2B870-4F2D-493E-A90B-1C5337045C1A}.Debug|Any CPU.ActiveCfg = Debug|Any CPU
		{17A2B870-4F2D-493E-A90B-1C5337045C1A}.Debug|Any CPU.Build.0 = Debug|Any CPU
		{17A2B870-4F2D-493E-A90B-1C5337045C1A}.Release|Any CPU.ActiveCfg = Release|Any CPU
		{17A2B870-4F2D-493E-A90B-1C5337045C1A}.Release|Any CPU.Build.0 = Release|Any CPU
		{36653904-DAEE-42CA-B43D-55EBEFA561CD}.Debug|Any CPU.ActiveCfg = Debug|Any CPU
		{36653904-DAEE-42CA-B43D-55EBEFA561CD}.Debug|Any CPU.Build.0 = Debug|Any CPU
		{36653904-DAEE-42CA-B43D-55EBEFA561CD}.Release|Any CPU.ActiveCfg = Release|Any CPU
		{36653904-DAEE-42CA-B43D-55EBEFA561CD}.Release|Any CPU.Build.0 = Release|Any CPU
		{F5CA639B-38A7-4EF8-B8CD-A2ED3B23E3C8}.Debug|Any CPU.ActiveCfg = Debug|Any CPU
		{F5CA639B-38A7-4EF8-B8CD-A2ED3B23E3C8}.Debug|Any CPU.Build.0 = Debug|Any CPU
		{F5CA639B-38A7-4EF8-B8CD-A2ED3B23E3C8}.Release|Any CPU.ActiveCfg = Release|Any CPU
		{F5CA639B-38A7-4EF8-B8CD-A2ED3B23E3C8}.Release|Any CPU.Build.0 = Release|Any CPU
	EndGlobalSection
	GlobalSection(SolutionProperties) = preSolution
		HideSolutionNode = FALSE
	EndGlobalSection
	GlobalSection(NestedProjects) = preSolution
		{D174B6E1-0747-4C99-9E20-DA66009163A6} = {1BA81B19-8391-4662-B0DC-2FDC08ADBF71}
		{82E7906E-DB47-4290-8182-4D7B01D2077D} = {D174B6E1-0747-4C99-9E20-DA66009163A6}
		{DE534D5D-C97A-4B92-9D26-EB7550CC7012} = {D174B6E1-0747-4C99-9E20-DA66009163A6}
		{AD97AB67-5D9A-4B74-900D-FE1140BA44D0} = {D174B6E1-0747-4C99-9E20-DA66009163A6}
		{91389053-E9E7-45F5-8FF1-5395CD467C22} = {1BA81B19-8391-4662-B0DC-2FDC08ADBF71}
		{8968D544-5166-4202-ABA9-8C6496971ED4} = {91389053-E9E7-45F5-8FF1-5395CD467C22}
		{5231C912-DC8A-4A85-9C08-33736E61CA99} = {91389053-E9E7-45F5-8FF1-5395CD467C22}
		{0D4C91F9-689B-4C8D-9F59-6597BA63E8EF} = {91389053-E9E7-45F5-8FF1-5395CD467C22}
		{045A5F63-1FF7-464C-A5BB-F09370C45B49} = {1BA81B19-8391-4662-B0DC-2FDC08ADBF71}
		{17A2B870-4F2D-493E-A90B-1C5337045C1A} = {045A5F63-1FF7-464C-A5BB-F09370C45B49}
		{36653904-DAEE-42CA-B43D-55EBEFA561CD} = {045A5F63-1FF7-464C-A5BB-F09370C45B49}
		{F5CA639B-38A7-4EF8-B8CD-A2ED3B23E3C8} = {045A5F63-1FF7-464C-A5BB-F09370C45B49}
	EndGlobalSection
	GlobalSection(ExtensibilityGlobals) = postSolution
		SolutionGuid = {6AA1DE16-F257-4257-9CB3-314881618012}
	EndGlobalSection
EndGlobal
